// !$*UTF8*$!
{
	archiveVersion = 1;
	classes = {
	};
	objectVersion = 46;
	objects = {

/* Begin PBXBuildFile section */
		03352FE213ABC96C00F57270 /* Foundation.framework in Frameworks */ = {isa = PBXBuildFile; fileRef = 03352FE113ABC96C00F57270 /* Foundation.framework */; };
		03352FE513ABC96C00F57270 /* main.m in Sources */ = {isa = PBXBuildFile; fileRef = 03352FE413ABC96C00F57270 /* main.m */; };
		03352FF413ABCA0200F57270 /* ScriptingBridge.framework in Frameworks */ = {isa = PBXBuildFile; fileRef = 03352FF113ABCA0200F57270 /* ScriptingBridge.framework */; };
		03352FF613ABCE3D00F57270 /* AppKit.framework in Frameworks */ = {isa = PBXBuildFile; fileRef = 03352FF513ABCE3D00F57270 /* AppKit.framework */; };
/* End PBXBuildFile section */

/* Begin PBXCopyFilesBuildPhase section */
		03352FDB13ABC96C00F57270 /* CopyFiles */ = {
			isa = PBXCopyFilesBuildPhase;
			buildActionMask = 2147483647;
			dstPath = /usr/share/man/man1/;
			dstSubfolderSpec = 0;
			files = (
			);
			runOnlyForDeploymentPostprocessing = 1;
		};
/* End PBXCopyFilesBuildPhase section */

/* Begin PBXFileReference section */
		03352FDD13ABC96C00F57270 /* redtk */ = {isa = PBXFileReference; explicitFileType = "compiled.mach-o.executable"; includeInIndex = 0; path = redtk; sourceTree = BUILT_PRODUCTS_DIR; };
		03352FE113ABC96C00F57270 /* Foundation.framework */ = {isa = PBXFileReference; lastKnownFileType = wrapper.framework; name = Foundation.framework; path = System/Library/Frameworks/Foundation.framework; sourceTree = SDKROOT; };
		03352FE413ABC96C00F57270 /* main.m */ = {isa = PBXFileReference; lastKnownFileType = sourcecode.c.objc; path = main.m; sourceTree = "<group>"; };
		03352FE713ABC96C00F57270 /* redtk-Prefix.pch */ = {isa = PBXFileReference; lastKnownFileType = sourcecode.c.h; path = "redtk-Prefix.pch"; sourceTree = "<group>"; };
		03352FE813ABC96C00F57270 /* rednegro.1 */ = {isa = PBXFileReference; lastKnownFileType = text.man; path = rednegro.1; sourceTree = "<group>"; };
		03352FEE13ABC98200F57270 /* safari.h */ = {isa = PBXFileReference; fileEncoding = 4; lastKnownFileType = sourcecode.c.h; path = safari.h; sourceTree = "<group>"; };
		03352FF113ABCA0200F57270 /* ScriptingBridge.framework */ = {isa = PBXFileReference; lastKnownFileType = wrapper.framework; name = ScriptingBridge.framework; path = System/Library/Frameworks/ScriptingBridge.framework; sourceTree = SDKROOT; };
		03352FF513ABCE3D00F57270 /* AppKit.framework */ = {isa = PBXFileReference; lastKnownFileType = wrapper.framework; name = AppKit.framework; path = System/Library/Frameworks/AppKit.framework; sourceTree = SDKROOT; };
/* End PBXFileReference section */

/* Begin PBXFrameworksBuildPhase section */
		03352FDA13ABC96C00F57270 /* Frameworks */ = {
			isa = PBXFrameworksBuildPhase;
			buildActionMask = 2147483647;
			files = (
				03352FF613ABCE3D00F57270 /* AppKit.framework in Frameworks */,
				03352FF413ABCA0200F57270 /* ScriptingBridge.framework in Frameworks */,
				03352FE213ABC96C00F57270 /* Foundation.framework in Frameworks */,
			);
			runOnlyForDeploymentPostprocessing = 0;
		};
/* End PBXFrameworksBuildPhase section */

/* Begin PBXGroup section */
		03352FD213ABC96C00F57270 = {
			isa = PBXGroup;
			children = (
				03352FF513ABCE3D00F57270 /* AppKit.framework */,
				03352FF113ABCA0200F57270 /* ScriptingBridge.framework */,
				03352FE313ABC96C00F57270 /* rednegro */,
				03352FE013ABC96C00F57270 /* Frameworks */,
				03352FDE13ABC96C00F57270 /* Products */,
			);
			sourceTree = "<group>";
		};
		03352FDE13ABC96C00F57270 /* Products */ = {
			isa = PBXGroup;
			children = (
				03352FDD13ABC96C00F57270 /* redtk */,
			);
			name = Products;
			sourceTree = "<group>";
		};
		03352FE013ABC96C00F57270 /* Frameworks */ = {
			isa = PBXGroup;
			children = (
				03352FE113ABC96C00F57270 /* Foundation.framework */,
			);
			name = Frameworks;
			sourceTree = "<group>";
		};
		03352FE313ABC96C00F57270 /* rednegro */ = {
			isa = PBXGroup;
			children = (
				03352FEE13ABC98200F57270 /* safari.h */,
				03352FE413ABC96C00F57270 /* main.m */,
				03352FE813ABC96C00F57270 /* rednegro.1 */,
				03352FE613ABC96C00F57270 /* Supporting Files */,
			);
			path = rednegro;
			sourceTree = "<group>";
		};
		03352FE613ABC96C00F57270 /* Supporting Files */ = {
			isa = PBXGroup;
			children = (
				03352FE713ABC96C00F57270 /* redtk-Prefix.pch */,
			);
			name = "Supporting Files";
			sourceTree = "<group>";
		};
/* End PBXGroup section */

/* Begin PBXNativeTarget section */
		03352FDC13ABC96C00F57270 /* redtk */ = {
			isa = PBXNativeTarget;
			buildConfigurationList = 03352FEB13ABC96C00F57270 /* Build configuration list for PBXNativeTarget "redtk" */;
			buildPhases = (
				03352FD913ABC96C00F57270 /* Sources */,
				03352FDA13ABC96C00F57270 /* Frameworks */,
				03352FDB13ABC96C00F57270 /* CopyFiles */,
			);
			buildRules = (
			);
			dependencies = (
			);
			name = redtk;
			productName = rednegro;
			productReference = 03352FDD13ABC96C00F57270 /* redtk */;
			productType = "com.apple.product-type.tool";
		};
/* End PBXNativeTarget section */

/* Begin PBXProject section */
		03352FD413ABC96C00F57270 /* Project object */ = {
			isa = PBXProject;
			buildConfigurationList = 03352FD713ABC96C00F57270 /* Build configuration list for PBXProject "redtk" */;
			compatibilityVersion = "Xcode 3.2";
			developmentRegion = English;
			hasScannedForEncodings = 0;
			knownRegions = (
				en,
			);
			mainGroup = 03352FD213ABC96C00F57270;
			productRefGroup = 03352FDE13ABC96C00F57270 /* Products */;
			projectDirPath = "";
			projectRoot = "";
			targets = (
				03352FDC13ABC96C00F57270 /* redtk */,
			);
		};
/* End PBXProject section */

/* Begin PBXSourcesBuildPhase section */
		03352FD913ABC96C00F57270 /* Sources */ = {
			isa = PBXSourcesBuildPhase;
			buildActionMask = 2147483647;
			files = (
				03352FE513ABC96C00F57270 /* main.m in Sources */,
			);
			runOnlyForDeploymentPostprocessing = 0;
		};
/* End PBXSourcesBuildPhase section */

/* Begin XCBuildConfiguration section */
		03352FE913ABC96C00F57270 /* Debug */ = {
			isa = XCBuildConfiguration;
			buildSettings = {
				ARCHS = "$(ARCHS_STANDARD_32_64_BIT)";
				GCC_C_LANGUAGE_STANDARD = gnu99;
				GCC_OPTIMIZATION_LEVEL = 0;
				GCC_PREPROCESSOR_DEFINITIONS = DEBUG;
				GCC_SYMBOLS_PRIVATE_EXTERN = NO;
				GCC_VERSION = com.apple.compilers.llvm.clang.1_0;
				GCC_WARN_64_TO_32_BIT_CONVERSION = YES;
				GCC_WARN_ABOUT_RETURN_TYPE = YES;
				GCC_WARN_UNUSED_VARIABLE = YES;
				MACOSX_DEPLOYMENT_TARGET = 10.6;
				ONLY_ACTIVE_ARCH = YES;
				SDKROOT = macosx;
			};
			name = Debug;
		};
		03352FEA13ABC96C00F57270 /* Release */ = {
			isa = XCBuildConfiguration;
			buildSettings = {
				ARCHS = "$(ARCHS_STANDARD_32_64_BIT)";
				GCC_C_LANGUAGE_STANDARD = gnu99;
				GCC_VERSION = com.apple.compilers.llvm.clang.1_0;
				GCC_WARN_64_TO_32_BIT_CONVERSION = YES;
				GCC_WARN_ABOUT_RETURN_TYPE = YES;
				GCC_WARN_UNUSED_VARIABLE = YES;
				MACOSX_DEPLOYMENT_TARGET = 10.6;
				SDKROOT = macosx;
			};
			name = Release;
		};
		03352FEC13ABC96C00F57270 /* Debug */ = {
			isa = XCBuildConfiguration;
			buildSettings = {
				ALWAYS_SEARCH_USER_PATHS = NO;
				COPY_PHASE_STRIP = NO;
				GCC_DYNAMIC_NO_PIC = NO;
				GCC_ENABLE_OBJC_EXCEPTIONS = YES;
				GCC_PRECOMPILE_PREFIX_HEADER = YES;
				GCC_PREFIX_HEADER = "rednegro/redtk-Prefix.pch";
				PRODUCT_NAME = redtk;
			};
			name = Debug;
		};
		03352FED13ABC96C00F57270 /* Release */ = {
			isa = XCBuildConfiguration;
			buildSettings = {
				ALWAYS_SEARCH_USER_PATHS = NO;
				COPY_PHASE_STRIP = YES;
				DEBUG_INFORMATION_FORMAT = "dwarf-with-dsym";
				GCC_ENABLE_OBJC_EXCEPTIONS = YES;
				GCC_PRECOMPILE_PREFIX_HEADER = YES;
				GCC_PREFIX_HEADER = "rednegro/redtk-Prefix.pch";
				PRODUCT_NAME = redtk;
			};
			name = Release;
		};
/* End XCBuildConfiguration section */

/* Begin XCConfigurationList section */
		03352FD713ABC96C00F57270 /* Build configuration list for PBXProject "redtk" */ = {
			isa = XCConfigurationList;
			buildConfigurations = (
				03352FE913ABC96C00F57270 /* Debug */,
				03352FEA13ABC96C00F57270 /* Release */,
			);
			defaultConfigurationIsVisible = 0;
			defaultConfigurationName = Release;
		};
		03352FEB13ABC96C00F57270 /* Build configuration list for PBXNativeTarget "redtk" */ = {
			isa = XCConfigurationList;
			buildConfigurations = (
				03352FEC13ABC96C00F57270 /* Debug */,
				03352FED13ABC96C00F57270 /* Release */,
			);
			defaultConfigurationIsVisible = 0;
			defaultConfigurationName = Release;
		};
/* End XCConfigurationList section */
	};
	rootObject = 03352FD413ABC96C00F57270 /* Project object */;
}
